github.com/brihadeesh/hugo-tufte v0.0.0-20250707100220-9262e2fbf12f h1:cajJj3ANN5bYAZrm+PlsQSLOj+04/enqcriPJWs/X1g=
github.com/brihadeesh/hugo-tufte v0.0.0-20250707100220-9262e2fbf12f/go.mod h1:GYpXrHRRhIV2pMJDPorSPJ73R6HpYAsZqQOnydASdCY=
github.com/brihadeesh/hugo-tufte v0.0.0-20250707120938-836cc6295d55 h1:8aMBpw33SIHBS9UKG34Xn0BG/4jwEMuTxWk7o86DSwE=
github.com/brihadeesh/hugo-tufte v0.0.0-20250707120938-836cc6295d55/go.mod h1:GYpXrHRRhIV2pMJDPorSPJ73R6HpYAsZqQOnydASdCY=
github.com/brihadeesh/hugo-tufte v0.0.0-20250707121513-2207b4ff5084 h1:Vs4oxFIdMGCT3lS2lARVEES8UF+lOWcY9+WunBhkhrA=
github.com/brihadeesh/hugo-tufte v0.0.0-20250707121513-2207b4ff5084/go.mod h1:GYpXrHRRhIV2pMJDPorSPJ73R6HpYAsZqQOnydASdCY=
