github.com/LukasJoswiak/etch v0.0.0-20221013042144-3286754ceb4e h1:jqtIPgKKdLwiwNtmvZqlSJGjwa1lZphDap7p0H+Y0ic=
github.com/LukasJoswiak/etch v0.0.0-20221013042144-3286754ceb4e/go.mod h1:tdCjHyDbi/JUH+PwT7EuRAoTu1tIrDvTQgZ5UJLNe7Q=
github.com/nodejh/hugo-theme-mini v0.0.0-20240322021354-34417888405c h1:WUFnrYHzZk6QLla2BgFvySeYORf5nf0SUzcdIANHadU=
github.com/nodejh/hugo-theme-mini v0.0.0-20240322021354-34417888405c/go.mod h1:+Rl6qKesH3DeBOjXcmPXB1L/LwD3RqXzopTzon/jv5Q=
